
Microsoft Visual Studio Solution File, Format Version 12.00
# Visual Studio Version 17
VisualStudioVersion = 17.0.31903.59
MinimumVisualStudioVersion = 10.0.40219.1
Project("{2150E333-8FDC-42A3-9474-1A3956D46DE8}") = "src", "src", "{F7F99DA7-ECC3-4B75-894F-FC9E4C4379FA}"
EndProject
Project("{FAE04EC0-301F-11D3-BF4B-00C04F79EFBC}") = "Deepin.Storage.API", "src\Deepin.Storage.API\Deepin.Storage.API.csproj", "{0CEFB3B5-0074-41E9-A911-C3278FCAED09}"
EndProject
Project("{2150E333-8FDC-42A3-9474-1A3956D46DE8}") = "Solution items", "Solution items", "{8AC27558-73AF-44BC-8CCE-64281AEF374F}"
	ProjectSection(SolutionItems) = preProject
		.github\workflows\docker-image-ci.yaml = .github\workflows\docker-image-ci.yaml
		LICENSE.txt = LICENSE.txt
		README.md = README.md
	EndProjectSection
EndProject
Global
	GlobalSection(SolutionConfigurationPlatforms) = preSolution
		Debug|Any CPU = Debug|Any CPU
		Release|Any CPU = Release|Any CPU
	EndGlobalSection
	GlobalSection(ProjectConfigurationPlatforms) = postSolution
		{0CEFB3B5-0074-41E9-A911-C3278FCAED09}.Debug|Any CPU.ActiveCfg = Debug|Any CPU
		{0CEFB3B5-0074-41E9-A911-C3278FCAED09}.Debug|Any CPU.Build.0 = Debug|Any CPU
		{0CEFB3B5-0074-41E9-A911-C3278FCAED09}.Release|Any CPU.ActiveCfg = Release|Any CPU
		{0CEFB3B5-0074-41E9-A911-C3278FCAED09}.Release|Any CPU.Build.0 = Release|Any CPU
	EndGlobalSection
	GlobalSection(SolutionProperties) = preSolution
		HideSolutionNode = FALSE
	EndGlobalSection
	GlobalSection(NestedProjects) = preSolution
		{0CEFB3B5-0074-41E9-A911-C3278FCAED09} = {F7F99DA7-ECC3-4B75-894F-FC9E4C4379FA}
	EndGlobalSection
EndGlobal
